
Microsoft Visual Studio Solution File, Format Version 12.00
# Visual Studio 14
VisualStudioVersion = 14.0.24720.0
MinimumVisualStudioVersion = 10.0.40219.1
Project("{FAE04EC0-301F-11D3-BF4B-00C04F79EFBC}") = "UserInterface", "Camify\UserInterface.csproj", "{262911A0-4E38-42C0-AB29-17EA884251A7}"
EndProject
Project("{FAE04EC0-301F-11D3-BF4B-00C04F79EFBC}") = "DataManagement", "DataManagement\DataManagement.csproj", "{56C5FB7A-09B0-41A3-B873-DDA42B06B4CE}"
EndProject
Project("{FAE04EC0-301F-11D3-BF4B-00C04F79EFBC}") = "Shared", "Shared\Shared.csproj", "{385D20DC-440E-42BB-A9D5-A0E34C241C4F}"
EndProject
Project("{FAE04EC0-301F-11D3-BF4B-00C04F79EFBC}") = "RenderEngine", "RenderEngine\RenderEngine.csproj", "{7363670C-A51E-4C03-85A7-F9440CEA4E5A}"
EndProject
Project("{FAE04EC0-301F-11D3-BF4B-00C04F79EFBC}") = "Delegation", "Delegation\Delegation.csproj", "{ABBE09F2-2593-4E4F-99AC-EF07055B357A}"
EndProject
Project("{FAE04EC0-301F-11D3-BF4B-00C04F79EFBC}") = "MessageHandling", "EventHandling\MessageHandling.csproj", "{26B2CDB6-4FFC-447C-B908-33B4A990E257}"
EndProject
Global
	GlobalSection(SolutionConfigurationPlatforms) = preSolution
		Debug|Any CPU = Debug|Any CPU
		Release|Any CPU = Release|Any CPU
	EndGlobalSection
	GlobalSection(ProjectConfigurationPlatforms) = postSolution
		{262911A0-4E38-42C0-AB29-17EA884251A7}.Debug|Any CPU.ActiveCfg = Debug|Any CPU
		{262911A0-4E38-42C0-AB29-17EA884251A7}.Debug|Any CPU.Build.0 = Debug|Any CPU
		{262911A0-4E38-42C0-AB29-17EA884251A7}.Release|Any CPU.ActiveCfg = Release|Any CPU
		{262911A0-4E38-42C0-AB29-17EA884251A7}.Release|Any CPU.Build.0 = Release|Any CPU
		{56C5FB7A-09B0-41A3-B873-DDA42B06B4CE}.Debug|Any CPU.ActiveCfg = Debug|Any CPU
		{56C5FB7A-09B0-41A3-B873-DDA42B06B4CE}.Debug|Any CPU.Build.0 = Debug|Any CPU
		{56C5FB7A-09B0-41A3-B873-DDA42B06B4CE}.Release|Any CPU.ActiveCfg = Release|Any CPU
		{56C5FB7A-09B0-41A3-B873-DDA42B06B4CE}.Release|Any CPU.Build.0 = Release|Any CPU
		{385D20DC-440E-42BB-A9D5-A0E34C241C4F}.Debug|Any CPU.ActiveCfg = Debug|Any CPU
		{385D20DC-440E-42BB-A9D5-A0E34C241C4F}.Debug|Any CPU.Build.0 = Debug|Any CPU
		{385D20DC-440E-42BB-A9D5-A0E34C241C4F}.Release|Any CPU.ActiveCfg = Release|Any CPU
		{385D20DC-440E-42BB-A9D5-A0E34C241C4F}.Release|Any CPU.Build.0 = Release|Any CPU
		{7363670C-A51E-4C03-85A7-F9440CEA4E5A}.Debug|Any CPU.ActiveCfg = Debug|Any CPU
		{7363670C-A51E-4C03-85A7-F9440CEA4E5A}.Debug|Any CPU.Build.0 = Debug|Any CPU
		{7363670C-A51E-4C03-85A7-F9440CEA4E5A}.Release|Any CPU.ActiveCfg = Release|Any CPU
		{7363670C-A51E-4C03-85A7-F9440CEA4E5A}.Release|Any CPU.Build.0 = Release|Any CPU
		{ABBE09F2-2593-4E4F-99AC-EF07055B357A}.Debug|Any CPU.ActiveCfg = Debug|Any CPU
		{ABBE09F2-2593-4E4F-99AC-EF07055B357A}.Debug|Any CPU.Build.0 = Debug|Any CPU
		{ABBE09F2-2593-4E4F-99AC-EF07055B357A}.Release|Any CPU.ActiveCfg = Release|Any CPU
		{ABBE09F2-2593-4E4F-99AC-EF07055B357A}.Release|Any CPU.Build.0 = Release|Any CPU
		{26B2CDB6-4FFC-447C-B908-33B4A990E257}.Debug|Any CPU.ActiveCfg = Debug|Any CPU
		{26B2CDB6-4FFC-447C-B908-33B4A990E257}.Debug|Any CPU.Build.0 = Debug|Any CPU
		{26B2CDB6-4FFC-447C-B908-33B4A990E257}.Release|Any CPU.ActiveCfg = Release|Any CPU
		{26B2CDB6-4FFC-447C-B908-33B4A990E257}.Release|Any CPU.Build.0 = Release|Any CPU
	EndGlobalSection
	GlobalSection(SolutionProperties) = preSolution
		HideSolutionNode = FALSE
	EndGlobalSection
EndGlobal
